{
  "name": "phlow-grammar-inspect",
  "version": "0.1.0",
  "lockfileVersion": 3,
  "requires": true,
  "packages": {
    "": {
      "name": "phlow-grammar-inspect",
      "version": "0.1.0",
      "dependencies": {
        "onigasm": "^2.2.5",
        "vscode-textmate": "^5.5.0"
      }
    },
    "node_modules/lru-cache": {
      "version": "5.1.1",
      "resolved": "https://registry.npmjs.org/lru-cache/-/lru-cache-5.1.1.tgz",
      "integrity": "sha512-KpNARQA3Iwv+jTA0utUVVbrh+Jlrr1Fv0e56GGzAFOXN7dk/FviaDW8LHmK52DlcH4WP2n6gI8vN1aesBFgo9w==",
      "license": "ISC",
      "dependencies": {
        "yallist": "^3.0.2"
      }
    },
    "node_modules/onigasm": {
      "version": "2.2.5",
      "resolved": "https://registry.npmjs.org/onigasm/-/onigasm-2.2.5.tgz",
      "integrity": "sha512-F+th54mPc0l1lp1ZcFMyL/jTs2Tlq4SqIHKIXGZOR/VkHkF9A7Fr5rRr5+ZG/lWeRsyrClLYRq7s/yFQ/XhWCA==",
      "license": "MIT",
      "dependencies": {
        "lru-cache": "^5.1.1"
      }
    },
    "node_modules/vscode-textmate": {
      "version": "5.5.0",
      "resolved": "https://registry.npmjs.org/vscode-textmate/-/vscode-textmate-5.5.0.tgz",
      "integrity": "sha512-jToQkPGMNKn0eyKyitYeINJF0NoD240aYyKPIWJv5W2jfPt++jIRg0OSergubtGhbw6SoefkvBYEpX7TsfoSUQ==",
      "license": "MIT"
    },
    "node_modules/yallist": {
      "version": "3.1.1",
      "resolved": "https://registry.npmjs.org/yallist/-/yallist-3.1.1.tgz",
      "integrity": "sha512-a4UGQaWPH59mOXUYnAG2ewncQS4i4F43Tv3JoAM+s2VDAmS9NsK8GpDMLrCHPksFT7h3K6TOoUNn2pb7RoXx4g==",
      "license": "ISC"
    }
  }
}
